
Microsoft Visual Studio Solution File, Format Version 12.00
# Visual Studio Version 17
VisualStudioVersion = 17.9.34902.65
MinimumVisualStudioVersion = 10.0.40219.1
Project("{FAE04EC0-301F-11D3-BF4B-00C04F79EFBC}") = "FileUpload_MVC_ADO", "FileUpload_MVC_ADO.csproj", "{195F8C24-6F64-4C05-ACB5-E056DA667C8C}"
EndProject
Global
	GlobalSection(SolutionConfigurationPlatforms) = preSolution
		Debug|Any CPU = Debug|Any CPU
		Release|Any CPU = Release|Any CPU
	EndGlobalSection
	GlobalSection(ProjectConfigurationPlatforms) = postSolution
		{195F8C24-6F64-4C05-ACB5-E056DA667C8C}.Debug|Any CPU.ActiveCfg = Debug|Any CPU
		{195F8C24-6F64-4C05-ACB5-E056DA667C8C}.Debug|Any CPU.Build.0 = Debug|Any CPU
		{195F8C24-6F64-4C05-ACB5-E056DA667C8C}.Release|Any CPU.ActiveCfg = Release|Any CPU
		{195F8C24-6F64-4C05-ACB5-E056DA667C8C}.Release|Any CPU.Build.0 = Release|Any CPU
	EndGlobalSection
	GlobalSection(SolutionProperties) = preSolution
		HideSolutionNode = FALSE
	EndGlobalSection
	GlobalSection(ExtensibilityGlobals) = postSolution
		SolutionGuid = {AB5289C7-1227-43D7-90D6-4ED82B1CA23E}
	EndGlobalSection
EndGlobal
